
Microsoft Visual Studio Solution File, Format Version 12.00
# Visual Studio Version 16
VisualStudioVersion = 16.0.30011.22
MinimumVisualStudioVersion = 10.0.40219.1
Project("{FAE04EC0-301F-11D3-BF4B-00C04F79EFBC}") = "Ticketvoordeel", "Ticketvoordeel\Ticketvoordeel.csproj", "{05A3891A-9818-401E-95C6-E60049529C0B}"
EndProject
Project("{FAE04EC0-301F-11D3-BF4B-00C04F79EFBC}") = "Entities", "Entities\Entities.csproj", "{89AC6DDA-51B0-4CF7-B1D4-B1FD2DDB72DE}"
EndProject
Project("{FAE04EC0-301F-11D3-BF4B-00C04F79EFBC}") = "Contracts", "Contracts\Contracts.csproj", "{219911FC-F5D0-4DB3-BF56-50940185E675}"
EndProject
Project("{FAE04EC0-301F-11D3-BF4B-00C04F79EFBC}") = "LoggerService", "LoggerService\LoggerService.csproj", "{BEEEE667-B8A1-4304-8A07-0B7F7733B64C}"
EndProject
Project("{FAE04EC0-301F-11D3-BF4B-00C04F79EFBC}") = "Repository", "Repository\Repository.csproj", "{1FBC7E24-E0AF-4F5E-BE07-313621C87C79}"
EndProject
Global
	GlobalSection(SolutionConfigurationPlatforms) = preSolution
		Debug|Any CPU = Debug|Any CPU
		Release|Any CPU = Release|Any CPU
	EndGlobalSection
	GlobalSection(ProjectConfigurationPlatforms) = postSolution
		{05A3891A-9818-401E-95C6-E60049529C0B}.Debug|Any CPU.ActiveCfg = Debug|Any CPU
		{05A3891A-9818-401E-95C6-E60049529C0B}.Debug|Any CPU.Build.0 = Debug|Any CPU
		{05A3891A-9818-401E-95C6-E60049529C0B}.Release|Any CPU.ActiveCfg = Release|Any CPU
		{05A3891A-9818-401E-95C6-E60049529C0B}.Release|Any CPU.Build.0 = Release|Any CPU
		{89AC6DDA-51B0-4CF7-B1D4-B1FD2DDB72DE}.Debug|Any CPU.ActiveCfg = Debug|Any CPU
		{89AC6DDA-51B0-4CF7-B1D4-B1FD2DDB72DE}.Debug|Any CPU.Build.0 = Debug|Any CPU
		{89AC6DDA-51B0-4CF7-B1D4-B1FD2DDB72DE}.Release|Any CPU.ActiveCfg = Release|Any CPU
		{89AC6DDA-51B0-4CF7-B1D4-B1FD2DDB72DE}.Release|Any CPU.Build.0 = Release|Any CPU
		{219911FC-F5D0-4DB3-BF56-50940185E675}.Debug|Any CPU.ActiveCfg = Debug|Any CPU
		{219911FC-F5D0-4DB3-BF56-50940185E675}.Debug|Any CPU.Build.0 = Debug|Any CPU
		{219911FC-F5D0-4DB3-BF56-50940185E675}.Release|Any CPU.ActiveCfg = Release|Any CPU
		{219911FC-F5D0-4DB3-BF56-50940185E675}.Release|Any CPU.Build.0 = Release|Any CPU
		{BEEEE667-B8A1-4304-8A07-0B7F7733B64C}.Debug|Any CPU.ActiveCfg = Debug|Any CPU
		{BEEEE667-B8A1-4304-8A07-0B7F7733B64C}.Debug|Any CPU.Build.0 = Debug|Any CPU
		{BEEEE667-B8A1-4304-8A07-0B7F7733B64C}.Release|Any CPU.ActiveCfg = Release|Any CPU
		{BEEEE667-B8A1-4304-8A07-0B7F7733B64C}.Release|Any CPU.Build.0 = Release|Any CPU
		{1FBC7E24-E0AF-4F5E-BE07-313621C87C79}.Debug|Any CPU.ActiveCfg = Debug|Any CPU
		{1FBC7E24-E0AF-4F5E-BE07-313621C87C79}.Debug|Any CPU.Build.0 = Debug|Any CPU
		{1FBC7E24-E0AF-4F5E-BE07-313621C87C79}.Release|Any CPU.ActiveCfg = Release|Any CPU
		{1FBC7E24-E0AF-4F5E-BE07-313621C87C79}.Release|Any CPU.Build.0 = Release|Any CPU
	EndGlobalSection
	GlobalSection(SolutionProperties) = preSolution
		HideSolutionNode = FALSE
	EndGlobalSection
	GlobalSection(ExtensibilityGlobals) = postSolution
		SolutionGuid = {B8C63971-EA1C-48EE-8FD6-759DA6906065}
	EndGlobalSection
EndGlobal
